
Microsoft Visual Studio Solution File, Format Version 12.00
# Visual Studio 14
VisualStudioVersion = 14.0.25420.1
MinimumVisualStudioVersion = 10.0.40219.1
Project("{FAE04EC0-301F-11D3-BF4B-00C04F79EFBC}") = "Main", "Main\Main.csproj", "{90CB682E-E3D4-452E-8A50-8BFD76D08EF3}"
EndProject
Project("{FAE04EC0-301F-11D3-BF4B-00C04F79EFBC}") = "General", "General\General.csproj", "{2595B066-F483-42D5-BA69-BBDB07FA3DA9}"
EndProject
Project("{FAE04EC0-301F-11D3-BF4B-00C04F79EFBC}") = "SplidSpread", "SplidSpread\SplidSpread.csproj", "{C7F30732-802F-4F08-8807-6155E9437A1B}"
EndProject
Project("{FAE04EC0-301F-11D3-BF4B-00C04F79EFBC}") = "General.Test", "General.Test\General.Test.csproj", "{06F340A3-1D48-4DF8-A62C-1E6E99094D08}"
EndProject
Global
	GlobalSection(SolutionConfigurationPlatforms) = preSolution
		Debug|Any CPU = Debug|Any CPU
		Release|Any CPU = Release|Any CPU
	EndGlobalSection
	GlobalSection(ProjectConfigurationPlatforms) = postSolution
		{90CB682E-E3D4-452E-8A50-8BFD76D08EF3}.Debug|Any CPU.ActiveCfg = Debug|Any CPU
		{90CB682E-E3D4-452E-8A50-8BFD76D08EF3}.Debug|Any CPU.Build.0 = Debug|Any CPU
		{90CB682E-E3D4-452E-8A50-8BFD76D08EF3}.Release|Any CPU.ActiveCfg = Release|Any CPU
		{90CB682E-E3D4-452E-8A50-8BFD76D08EF3}.Release|Any CPU.Build.0 = Release|Any CPU
		{2595B066-F483-42D5-BA69-BBDB07FA3DA9}.Debug|Any CPU.ActiveCfg = Debug|Any CPU
		{2595B066-F483-42D5-BA69-BBDB07FA3DA9}.Debug|Any CPU.Build.0 = Debug|Any CPU
		{2595B066-F483-42D5-BA69-BBDB07FA3DA9}.Release|Any CPU.ActiveCfg = Release|Any CPU
		{2595B066-F483-42D5-BA69-BBDB07FA3DA9}.Release|Any CPU.Build.0 = Release|Any CPU
		{C7F30732-802F-4F08-8807-6155E9437A1B}.Debug|Any CPU.ActiveCfg = Debug|Any CPU
		{C7F30732-802F-4F08-8807-6155E9437A1B}.Debug|Any CPU.Build.0 = Debug|Any CPU
		{C7F30732-802F-4F08-8807-6155E9437A1B}.Release|Any CPU.ActiveCfg = Release|Any CPU
		{C7F30732-802F-4F08-8807-6155E9437A1B}.Release|Any CPU.Build.0 = Release|Any CPU
		{06F340A3-1D48-4DF8-A62C-1E6E99094D08}.Debug|Any CPU.ActiveCfg = Debug|Any CPU
		{06F340A3-1D48-4DF8-A62C-1E6E99094D08}.Debug|Any CPU.Build.0 = Debug|Any CPU
		{06F340A3-1D48-4DF8-A62C-1E6E99094D08}.Release|Any CPU.ActiveCfg = Release|Any CPU
		{06F340A3-1D48-4DF8-A62C-1E6E99094D08}.Release|Any CPU.Build.0 = Release|Any CPU
	EndGlobalSection
	GlobalSection(SolutionProperties) = preSolution
		HideSolutionNode = FALSE
	EndGlobalSection
EndGlobal
